<?xml version="1.0" encoding="UTF-8"?>
<Scheme
   LastUpgradeVersion = "1600"
   version = "1.7">
   <BuildAction
      parallelizeBuildables = "YES"
      buildImplicitDependencies = "YES"
      buildArchitectures = "Automatic">
      <BuildActionEntries>
         <BuildActionEntry
            buildForTesting = "YES"
            buildForRunning = "YES"
            buildForProfiling = "YES"
            buildForArchiving = "YES"
            buildForAnalyzing = "YES">
            <BuildableReference
               BuildableIdentifier = "primary"
               BlueprintIdentifier = "App"
               BuildableName = "App"
               BlueprintName = "App"
               ReferencedContainer = "container:">
            </BuildableReference>
         </BuildActionEntry>
      </BuildActionEntries>
   </BuildAction>
   <TestAction
      buildConfiguration = "Debug"
      selectedDebuggerIdentifier = "Xcode.DebuggerFoundation.Debugger.LLDB"
      selectedLauncherIdentifier = "Xcode.DebuggerFoundation.Launcher.LLDB"
      shouldUseLaunchSchemeArgsEnv = "YES"
      shouldAutocreateTestPlan = "YES">
      <Testables>
         <TestableReference
            skipped = "NO">
            <BuildableReference
               BuildableIdentifier = "primary"
               BlueprintIdentifier = "AppTests"
               BuildableName = "AppTests"
               BlueprintName = "AppTests"
               ReferencedContainer = "container:">
            </BuildableReference>
         </TestableReference>
      </Testables>
   </TestAction>
   <LaunchAction
      buildConfiguration = "Debug"
      selectedDebuggerIdentifier = "Xcode.DebuggerFoundation.Debugger.LLDB"
      selectedLauncherIdentifier = "Xcode.DebuggerFoundation.Launcher.LLDB"
      launchStyle = "0"
      useCustomWorkingDirectory = "NO"
      ignoresPersistentStateOnLaunch = "NO"
      debugDocumentVersioning = "YES"
      debugServiceExtension = "internal"
      allowLocationSimulation = "YES">
      <BuildableProductRunnable
         runnableDebuggingMode = "0">
         <BuildableReference
            BuildableIdentifier = "primary"
            BlueprintIdentifier = "App"
            BuildableName = "App"
            BlueprintName = "App"
            ReferencedContainer = "container:">
         </BuildableReference>
      </BuildableProductRunnable>
      <EnvironmentVariables>
         <EnvironmentVariable
            key = "TENCENT_SECRET_ID"
            value = "AKIDA7sPjifkdHizObZO0OwJXZMzWs35yhIi"
            isEnabled = "YES">
         </EnvironmentVariable>
         <EnvironmentVariable
            key = "TENCENT_SECRET_KEY"
            value = "MmARbeUZaQ1VzHQMJFza5U1Snz4wbDcm"
            isEnabled = "YES">
         </EnvironmentVariable>
         <EnvironmentVariable
            key = "TENCENT_APP_ID"
            value = "appid"
            isEnabled = "YES">
         </EnvironmentVariable>
         <EnvironmentVariable
            key = "LOG_LEVEL"
            value = "debug"
            isEnabled = "YES">
         </EnvironmentVariable>
         <EnvironmentVariable
            key = "TENCENT_HUNYUAN_API_KEY"
            value = "sk-u384jtAzqHoRsRV5p19W8RnSRMPypgYrxahNcSRDWKk1eZPP"
            isEnabled = "YES">
         </EnvironmentVariable>
         <EnvironmentVariable
            key = "LLM_PROVIDER"
            value = "tencentHunyuanOpenAI"
            isEnabled = "YES">
         </EnvironmentVariable>
         <EnvironmentVariable
            key = "DEEPSEEK_API_KEY"
            value = "sk-02f46793ddae48eaaab25c5f367beb93"
            isEnabled = "YES">
         </EnvironmentVariable>
         <EnvironmentVariable
            key = "REVENUECAT_WEBHOOK_SECRET"
            value = "sk_yXYKnlpDHFFUYVggzBGZClOLmAlwu"
            isEnabled = "YES">
         </EnvironmentVariable>
      </EnvironmentVariables>
   </LaunchAction>
   <ProfileAction
      buildConfiguration = "Release"
      shouldUseLaunchSchemeArgsEnv = "YES"
      savedToolIdentifier = ""
      useCustomWorkingDirectory = "NO"
      debugDocumentVersioning = "YES">
      <BuildableProductRunnable
         runnableDebuggingMode = "0">
         <BuildableReference
            BuildableIdentifier = "primary"
            BlueprintIdentifier = "App"
            BuildableName = "App"
            BlueprintName = "App"
            ReferencedContainer = "container:">
         </BuildableReference>
      </BuildableProductRunnable>
   </ProfileAction>
   <AnalyzeAction
      buildConfiguration = "Debug">
   </AnalyzeAction>
   <ArchiveAction
      buildConfiguration = "Release"
      revealArchiveInOrganizer = "YES">
   </ArchiveAction>
</Scheme>
